// !$*UTF8*$!
{
	archiveVersion = 1;
	classes = {
	};
	objectVersion = 51;
	objects = {

/* Begin PBXBuildFile section */
		2B6A2EBF25F8027A002A79A0 /* Ubuntu-Regular.ttf in Resources */ = {isa = PBXBuildFile; fileRef = 2B6A2EBE25F8027A002A79A0 /* Ubuntu-Regular.ttf */; };
		2B6A2EC125F80282002A79A0 /* Antaro.ttf in Resources */ = {isa = PBXBuildFile; fileRef = 2B6A2EC025F80282002A79A0 /* Antaro.ttf */; };
		2BA002A025DBAF44000F4968 /* AppDelegate.swift in Sources */ = {isa = PBXBuildFile; fileRef = 2BA0029F25DBAF44000F4968 /* AppDelegate.swift */; };
		2BA002A725DBAF44000F4968 /* Main.storyboard in Resources */ = {isa = PBXBuildFile; fileRef = 2BA002A525DBAF44000F4968 /* Main.storyboard */; };
		2BA002A925DBAF50000F4968 /* Assets.xcassets in Resources */ = {isa = PBXBuildFile; fileRef = 2BA002A825DBAF50000F4968 /* Assets.xcassets */; };
		2BA002AC25DBAF50000F4968 /* LaunchScreen.storyboard in Resources */ = {isa = PBXBuildFile; fileRef = 2BA002AA25DBAF50000F4968 /* LaunchScreen.storyboard */; };
		2BA002B725DBB12F000F4968 /* DashboardViewController.swift in Sources */ = {isa = PBXBuildFile; fileRef = 2BA002B625DBB12F000F4968 /* DashboardViewController.swift */; };
		2BA002BC25DBC6C5000F4968 /* LoginViewController.swift in Sources */ = {isa = PBXBuildFile; fileRef = 2BA002BB25DBC6C5000F4968 /* LoginViewController.swift */; };
		2BA002C025DBCA76000F4968 /* ModuleViewController.swift in Sources */ = {isa = PBXBuildFile; fileRef = 2BA002BF25DBCA76000F4968 /* ModuleViewController.swift */; };
		E3D3957E117B9B4D734AF61C /* Pods_BanyanDemo.framework in Frameworks */ = {isa = PBXBuildFile; fileRef = 0896F23AD841953A677A7ED3 /* Pods_BanyanDemo.framework */; };
/* End PBXBuildFile section */

/* Begin PBXCopyFilesBuildPhase section */
		2B1B26CC25F66AC30041D98C /* Embed Frameworks */ = {
			isa = PBXCopyFilesBuildPhase;
			buildActionMask = 2147483647;
			dstPath = "";
			dstSubfolderSpec = 10;
			files = (
			);
			name = "Embed Frameworks";
			runOnlyForDeploymentPostprocessing = 0;
		};
/* End PBXCopyFilesBuildPhase section */

/* Begin PBXFileReference section */
		0896F23AD841953A677A7ED3 /* Pods_BanyanDemo.framework */ = {isa = PBXFileReference; explicitFileType = wrapper.framework; includeInIndex = 0; path = Pods_BanyanDemo.framework; sourceTree = BUILT_PRODUCTS_DIR; };
		2B6A2EBE25F8027A002A79A0 /* Ubuntu-Regular.ttf */ = {isa = PBXFileReference; lastKnownFileType = file; name = "Ubuntu-Regular.ttf"; path = "../../../../../Downloads/Ubuntu/Ubuntu-Regular.ttf"; sourceTree = "<group>"; };
		2B6A2EC025F80282002A79A0 /* Antaro.ttf */ = {isa = PBXFileReference; lastKnownFileType = file; name = Antaro.ttf; path = ../../../../../Downloads/antaro/Antaro.ttf; sourceTree = "<group>"; };
		2BA0029C25DBAF44000F4968 /* BanyanDemo.app */ = {isa = PBXFileReference; explicitFileType = wrapper.application; includeInIndex = 0; path = BanyanDemo.app; sourceTree = BUILT_PRODUCTS_DIR; };
		2BA0029F25DBAF44000F4968 /* AppDelegate.swift */ = {isa = PBXFileReference; lastKnownFileType = sourcecode.swift; path = AppDelegate.swift; sourceTree = "<group>"; };
		2BA002A625DBAF44000F4968 /* Base */ = {isa = PBXFileReference; lastKnownFileType = file.storyboard; name = Base; path = Base.lproj/Main.storyboard; sourceTree = "<group>"; };
		2BA002A825DBAF50000F4968 /* Assets.xcassets */ = {isa = PBXFileReference; lastKnownFileType = folder.assetcatalog; path = Assets.xcassets; sourceTree = "<group>"; };
		2BA002AB25DBAF50000F4968 /* Base */ = {isa = PBXFileReference; lastKnownFileType = file.storyboard; name = Base; path = Base.lproj/LaunchScreen.storyboard; sourceTree = "<group>"; };
		2BA002AD25DBAF50000F4968 /* Info.plist */ = {isa = PBXFileReference; lastKnownFileType = text.plist.xml; path = Info.plist; sourceTree = "<group>"; };
		2BA002B625DBB12F000F4968 /* DashboardViewController.swift */ = {isa = PBXFileReference; lastKnownFileType = sourcecode.swift; path = DashboardViewController.swift; sourceTree = "<group>"; };
		2BA002BB25DBC6C5000F4968 /* LoginViewController.swift */ = {isa = PBXFileReference; lastKnownFileType = sourcecode.swift; path = LoginViewController.swift; sourceTree = "<group>"; };
		2BA002BF25DBCA76000F4968 /* ModuleViewController.swift */ = {isa = PBXFileReference; lastKnownFileType = sourcecode.swift; path = ModuleViewController.swift; sourceTree = "<group>"; };
		6CC06FF4C38E66DA88B2B23E /* Pods-BanyanDemo.debug.xcconfig */ = {isa = PBXFileReference; includeInIndex = 1; lastKnownFileType = text.xcconfig; name = "Pods-BanyanDemo.debug.xcconfig"; path = "Target Support Files/Pods-BanyanDemo/Pods-BanyanDemo.debug.xcconfig"; sourceTree = "<group>"; };
		954D3ED394D1C38CAD6F5F43 /* Pods-BanyanDemo.release.xcconfig */ = {isa = PBXFileReference; includeInIndex = 1; lastKnownFileType = text.xcconfig; name = "Pods-BanyanDemo.release.xcconfig"; path = "Target Support Files/Pods-BanyanDemo/Pods-BanyanDemo.release.xcconfig"; sourceTree = "<group>"; };
/* End PBXFileReference section */

/* Begin PBXFrameworksBuildPhase section */
		2BA0029925DBAF44000F4968 /* Frameworks */ = {
			isa = PBXFrameworksBuildPhase;
			buildActionMask = 2147483647;
			files = (
				E3D3957E117B9B4D734AF61C /* Pods_BanyanDemo.framework in Frameworks */,
			);
			runOnlyForDeploymentPostprocessing = 0;
		};
/* End PBXFrameworksBuildPhase section */

/* Begin PBXGroup section */
		2BA0029325DBAF44000F4968 = {
			isa = PBXGroup;
			children = (
				2BA0029E25DBAF44000F4968 /* BanyanDemo */,
				2BA0029D25DBAF44000F4968 /* Products */,
				9BB6B18508FEBF3D6B1CB121 /* Pods */,
				8AA4B3FDD51C37A07FF4CB69 /* Frameworks */,
			);
			sourceTree = "<group>";
		};
		2BA0029D25DBAF44000F4968 /* Products */ = {
			isa = PBXGroup;
			children = (
				2BA0029C25DBAF44000F4968 /* BanyanDemo.app */,
			);
			name = Products;
			sourceTree = "<group>";
		};
		2BA0029E25DBAF44000F4968 /* BanyanDemo */ = {
			isa = PBXGroup;
			children = (
				2B6A2EBE25F8027A002A79A0 /* Ubuntu-Regular.ttf */,
				2B6A2EC025F80282002A79A0 /* Antaro.ttf */,
				2BA0029F25DBAF44000F4968 /* AppDelegate.swift */,
				2BA002A525DBAF44000F4968 /* Main.storyboard */,
				2BA002BB25DBC6C5000F4968 /* LoginViewController.swift */,
				2BA002B625DBB12F000F4968 /* DashboardViewController.swift */,
				2BA002BF25DBCA76000F4968 /* ModuleViewController.swift */,
				2BA002A825DBAF50000F4968 /* Assets.xcassets */,
				2BA002AA25DBAF50000F4968 /* LaunchScreen.storyboard */,
				2BA002AD25DBAF50000F4968 /* Info.plist */,
			);
			path = BanyanDemo;
			sourceTree = "<group>";
		};
		8AA4B3FDD51C37A07FF4CB69 /* Frameworks */ = {
			isa = PBXGroup;
			children = (
				0896F23AD841953A677A7ED3 /* Pods_BanyanDemo.framework */,
			);
			name = Frameworks;
			sourceTree = "<group>";
		};
		9BB6B18508FEBF3D6B1CB121 /* Pods */ = {
			isa = PBXGroup;
			children = (
				6CC06FF4C38E66DA88B2B23E /* Pods-BanyanDemo.debug.xcconfig */,
				954D3ED394D1C38CAD6F5F43 /* Pods-BanyanDemo.release.xcconfig */,
			);
			path = Pods;
			sourceTree = "<group>";
		};
/* End PBXGroup section */

/* Begin PBXNativeTarget section */
		2BA0029B25DBAF44000F4968 /* BanyanDemo */ = {
			isa = PBXNativeTarget;
			buildConfigurationList = 2BA002B025DBAF50000F4968 /* Build configuration list for PBXNativeTarget "BanyanDemo" */;
			buildPhases = (
				6F41F9F3CA5EDEB1206F8FBF /* [CP] Check Pods Manifest.lock */,
				2BA0029825DBAF44000F4968 /* Sources */,
				2BA0029925DBAF44000F4968 /* Frameworks */,
				2BA0029A25DBAF44000F4968 /* Resources */,
				2B1B26CC25F66AC30041D98C /* Embed Frameworks */,
				CCC07642AE2A25C9A7F71CEB /* [CP] Embed Pods Frameworks */,
			);
			buildRules = (
			);
			dependencies = (
			);
			name = BanyanDemo;
			productName = BanyanDemo;
			productReference = 2BA0029C25DBAF44000F4968 /* BanyanDemo.app */;
			productType = "com.apple.product-type.application";
		};
/* End PBXNativeTarget section */

/* Begin PBXProject section */
		2BA0029425DBAF44000F4968 /* Project object */ = {
			isa = PBXProject;
			attributes = {
				LastSwiftUpdateCheck = 1220;
				LastUpgradeCheck = 1220;
				TargetAttributes = {
					2BA0029B25DBAF44000F4968 = {
						CreatedOnToolsVersion = 12.2;
					};
				};
			};
			buildConfigurationList = 2BA0029725DBAF44000F4968 /* Build configuration list for PBXProject "BanyanDemo" */;
			compatibilityVersion = "Xcode 9.3";
			developmentRegion = en;
			hasScannedForEncodings = 0;
			knownRegions = (
				en,
				Base,
			);
			mainGroup = 2BA0029325DBAF44000F4968;
			productRefGroup = 2BA0029D25DBAF44000F4968 /* Products */;
			projectDirPath = "";
			projectRoot = "";
			targets = (
				2BA0029B25DBAF44000F4968 /* BanyanDemo */,
			);
		};
/* End PBXProject section */

/* Begin PBXResourcesBuildPhase section */
		2BA0029A25DBAF44000F4968 /* Resources */ = {
			isa = PBXResourcesBuildPhase;
			buildActionMask = 2147483647;
			files = (
				2B6A2EBF25F8027A002A79A0 /* Ubuntu-Regular.ttf in Resources */,
				2BA002AC25DBAF50000F4968 /* LaunchScreen.storyboard in Resources */,
				2BA002A925DBAF50000F4968 /* Assets.xcassets in Resources */,
				2BA002A725DBAF44000F4968 /* Main.storyboard in Resources */,
				2B6A2EC125F80282002A79A0 /* Antaro.ttf in Resources */,
			);
			runOnlyForDeploymentPostprocessing = 0;
		};
/* End PBXResourcesBuildPhase section */

/* Begin PBXShellScriptBuildPhase section */
		6F41F9F3CA5EDEB1206F8FBF /* [CP] Check Pods Manifest.lock */ = {
			isa = PBXShellScriptBuildPhase;
			buildActionMask = 2147483647;
			files = (
			);
			inputFileListPaths = (
			);
			inputPaths = (
				"${PODS_PODFILE_DIR_PATH}/Podfile.lock",
				"${PODS_ROOT}/Manifest.lock",
			);
			name = "[CP] Check Pods Manifest.lock";
			outputFileListPaths = (
			);
			outputPaths = (
				"$(DERIVED_FILE_DIR)/Pods-BanyanDemo-checkManifestLockResult.txt",
			);
			runOnlyForDeploymentPostprocessing = 0;
			shellPath = /bin/sh;
			shellScript = "diff \"${PODS_PODFILE_DIR_PATH}/Podfile.lock\" \"${PODS_ROOT}/Manifest.lock\" > /dev/null\nif [ $? != 0 ] ; then\n    # print error to STDERR\n    echo \"error: The sandbox is not in sync with the Podfile.lock. Run 'pod install' or update your CocoaPods installation.\" >&2\n    exit 1\nfi\n# This output is used by Xcode 'outputs' to avoid re-running this script phase.\necho \"SUCCESS\" > \"${SCRIPT_OUTPUT_FILE_0}\"\n";
			showEnvVarsInLog = 0;
		};
		CCC07642AE2A25C9A7F71CEB /* [CP] Embed Pods Frameworks */ = {
			isa = PBXShellScriptBuildPhase;
			buildActionMask = 2147483647;
			files = (
			);
			inputFileListPaths = (
				"${PODS_ROOT}/Target Support Files/Pods-BanyanDemo/Pods-BanyanDemo-frameworks-${CONFIGURATION}-input-files.xcfilelist",
			);
			name = "[CP] Embed Pods Frameworks";
			outputFileListPaths = (
				"${PODS_ROOT}/Target Support Files/Pods-BanyanDemo/Pods-BanyanDemo-frameworks-${CONFIGURATION}-output-files.xcfilelist",
			);
			runOnlyForDeploymentPostprocessing = 0;
			shellPath = /bin/sh;
			shellScript = "\"${PODS_ROOT}/Target Support Files/Pods-BanyanDemo/Pods-BanyanDemo-frameworks.sh\"\n";
			showEnvVarsInLog = 0;
		};
/* End PBXShellScriptBuildPhase section */

/* Begin PBXSourcesBuildPhase section */
		2BA0029825DBAF44000F4968 /* Sources */ = {
			isa = PBXSourcesBuildPhase;
			buildActionMask = 2147483647;
			files = (
				2BA002BC25DBC6C5000F4968 /* LoginViewController.swift in Sources */,
				2BA002A025DBAF44000F4968 /* AppDelegate.swift in Sources */,
				2BA002C025DBCA76000F4968 /* ModuleViewController.swift in Sources */,
				2BA002B725DBB12F000F4968 /* DashboardViewController.swift in Sources */,
			);
			runOnlyForDeploymentPostprocessing = 0;
		};
/* End PBXSourcesBuildPhase section */

/* Begin PBXVariantGroup section */
		2BA002A525DBAF44000F4968 /* Main.storyboard */ = {
			isa = PBXVariantGroup;
			children = (
				2BA002A625DBAF44000F4968 /* Base */,
			);
			name = Main.storyboard;
			sourceTree = "<group>";
		};
		2BA002AA25DBAF50000F4968 /* LaunchScreen.storyboard */ = {
			isa = PBXVariantGroup;
			children = (
				2BA002AB25DBAF50000F4968 /* Base */,
			);
			name = LaunchScreen.storyboard;
			sourceTree = "<group>";
		};
/* End PBXVariantGroup section */

/* Begin XCBuildConfiguration section */
		2BA002AE25DBAF50000F4968 /* Debug */ = {
			isa = XCBuildConfiguration;
			buildSettings = {
				ALWAYS_SEARCH_USER_PATHS = NO;
				CLANG_ANALYZER_NONNULL = YES;
				CLANG_ANALYZER_NUMBER_OBJECT_CONVERSION = YES_AGGRESSIVE;
				CLANG_CXX_LANGUAGE_STANDARD = "gnu++14";
				CLANG_CXX_LIBRARY = "libc++";
				CLANG_ENABLE_MODULES = YES;
				CLANG_ENABLE_OBJC_ARC = YES;
				CLANG_ENABLE_OBJC_WEAK = YES;
				CLANG_WARN_BLOCK_CAPTURE_AUTORELEASING = YES;
				CLANG_WARN_BOOL_CONVERSION = YES;
				CLANG_WARN_COMMA = YES;
				CLANG_WARN_CONSTANT_CONVERSION = YES;
				CLANG_WARN_DEPRECATED_OBJC_IMPLEMENTATIONS = YES;
				CLANG_WARN_DIRECT_OBJC_ISA_USAGE = YES_ERROR;
				CLANG_WARN_DOCUMENTATION_COMMENTS = YES;
				CLANG_WARN_EMPTY_BODY = YES;
				CLANG_WARN_ENUM_CONVERSION = YES;
				CLANG_WARN_INFINITE_RECURSION = YES;
				CLANG_WARN_INT_CONVERSION = YES;
				CLANG_WARN_NON_LITERAL_NULL_CONVERSION = YES;
				CLANG_WARN_OBJC_IMPLICIT_RETAIN_SELF = YES;
				CLANG_WARN_OBJC_LITERAL_CONVERSION = YES;
				CLANG_WARN_OBJC_ROOT_CLASS = YES_ERROR;
				CLANG_WARN_QUOTED_INCLUDE_IN_FRAMEWORK_HEADER = YES;
				CLANG_WARN_RANGE_LOOP_ANALYSIS = YES;
				CLANG_WARN_STRICT_PROTOTYPES = YES;
				CLANG_WARN_SUSPICIOUS_MOVE = YES;
				CLANG_WARN_UNGUARDED_AVAILABILITY = YES_AGGRESSIVE;
				CLANG_WARN_UNREACHABLE_CODE = YES;
				CLANG_WARN__DUPLICATE_METHOD_MATCH = YES;
				COPY_PHASE_STRIP = NO;
				DEBUG_INFORMATION_FORMAT = dwarf;
				ENABLE_STRICT_OBJC_MSGSEND = YES;
				ENABLE_TESTABILITY = YES;
				GCC_C_LANGUAGE_STANDARD = gnu11;
				GCC_DYNAMIC_NO_PIC = NO;
				GCC_NO_COMMON_BLOCKS = YES;
				GCC_OPTIMIZATION_LEVEL = 0;
				GCC_PREPROCESSOR_DEFINITIONS = (
					"DEBUG=1",
					"$(inherited)",
				);
				GCC_WARN_64_TO_32_BIT_CONVERSION = YES;
				GCC_WARN_ABOUT_RETURN_TYPE = YES_ERROR;
				GCC_WARN_UNDECLARED_SELECTOR = YES;
				GCC_WARN_UNINITIALIZED_AUTOS = YES_AGGRESSIVE;
				GCC_WARN_UNUSED_FUNCTION = YES;
				GCC_WARN_UNUSED_VARIABLE = YES;
				IPHONEOS_DEPLOYMENT_TARGET = 14.2;
				MTL_ENABLE_DEBUG_INFO = INCLUDE_SOURCE;
				MTL_FAST_MATH = YES;
				ONLY_ACTIVE_ARCH = YES;
				SDKROOT = iphoneos;
				SWIFT_ACTIVE_COMPILATION_CONDITIONS = DEBUG;
				SWIFT_OPTIMIZATION_LEVEL = "-Onone";
			};
			name = Debug;
		};
		2BA002AF25DBAF50000F4968 /* Release */ = {
			isa = XCBuildConfiguration;
			buildSettings = {
				ALWAYS_SEARCH_USER_PATHS = NO;
				CLANG_ANALYZER_NONNULL = YES;
				CLANG_ANALYZER_NUMBER_OBJECT_CONVERSION = YES_AGGRESSIVE;
				CLANG_CXX_LANGUAGE_STANDARD = "gnu++14";
				CLANG_CXX_LIBRARY = "libc++";
				CLANG_ENABLE_MODULES = YES;
				CLANG_ENABLE_OBJC_ARC = YES;
				CLANG_ENABLE_OBJC_WEAK = YES;
				CLANG_WARN_BLOCK_CAPTURE_AUTORELEASING = YES;
				CLANG_WARN_BOOL_CONVERSION = YES;
				CLANG_WARN_COMMA = YES;
				CLANG_WARN_CONSTANT_CONVERSION = YES;
				CLANG_WARN_DEPRECATED_OBJC_IMPLEMENTATIONS = YES;
				CLANG_WARN_DIRECT_OBJC_ISA_USAGE = YES_ERROR;
				CLANG_WARN_DOCUMENTATION_COMMENTS = YES;
				CLANG_WARN_EMPTY_BODY = YES;
				CLANG_WARN_ENUM_CONVERSION = YES;
				CLANG_WARN_INFINITE_RECURSION = YES;
				CLANG_WARN_INT_CONVERSION = YES;
				CLANG_WARN_NON_LITERAL_NULL_CONVERSION = YES;
				CLANG_WARN_OBJC_IMPLICIT_RETAIN_SELF = YES;
				CLANG_WARN_OBJC_LITERAL_CONVERSION = YES;
				CLANG_WARN_OBJC_ROOT_CLASS = YES_ERROR;
				CLANG_WARN_QUOTED_INCLUDE_IN_FRAMEWORK_HEADER = YES;
				CLANG_WARN_RANGE_LOOP_ANALYSIS = YES;
				CLANG_WARN_STRICT_PROTOTYPES = YES;
				CLANG_WARN_SUSPICIOUS_MOVE = YES;
				CLANG_WARN_UNGUARDED_AVAILABILITY = YES_AGGRESSIVE;
				CLANG_WARN_UNREACHABLE_CODE = YES;
				CLANG_WARN__DUPLICATE_METHOD_MATCH = YES;
				COPY_PHASE_STRIP = NO;
				DEBUG_INFORMATION_FORMAT = "dwarf-with-dsym";
				ENABLE_NS_ASSERTIONS = NO;
				ENABLE_STRICT_OBJC_MSGSEND = YES;
				GCC_C_LANGUAGE_STANDARD = gnu11;
				GCC_NO_COMMON_BLOCKS = YES;
				GCC_WARN_64_TO_32_BIT_CONVERSION = YES;
				GCC_WARN_ABOUT_RETURN_TYPE = YES_ERROR;
				GCC_WARN_UNDECLARED_SELECTOR = YES;
				GCC_WARN_UNINITIALIZED_AUTOS = YES_AGGRESSIVE;
				GCC_WARN_UNUSED_FUNCTION = YES;
				GCC_WARN_UNUSED_VARIABLE = YES;
				IPHONEOS_DEPLOYMENT_TARGET = 14.2;
				MTL_ENABLE_DEBUG_INFO = NO;
				MTL_FAST_MATH = YES;
				SDKROOT = iphoneos;
				SWIFT_COMPILATION_MODE = wholemodule;
				SWIFT_OPTIMIZATION_LEVEL = "-O";
				VALIDATE_PRODUCT = YES;
			};
			name = Release;
		};
		2BA002B125DBAF50000F4968 /* Debug */ = {
			isa = XCBuildConfiguration;
			baseConfigurationReference = 6CC06FF4C38E66DA88B2B23E /* Pods-BanyanDemo.debug.xcconfig */;
			buildSettings = {
				ASSETCATALOG_COMPILER_APPICON_NAME = AppIcon;
				ASSETCATALOG_COMPILER_GLOBAL_ACCENT_COLOR_NAME = AccentColor;
				CODE_SIGN_IDENTITY = "Apple Development";
				CODE_SIGN_STYLE = Automatic;
				CURRENT_PROJECT_VERSION = 6;
				DEVELOPMENT_TEAM = TK7283VKC2;
				ENABLE_BITCODE = NO;
				FRAMEWORK_SEARCH_PATHS = (
					"$(inherited)",
					"$(PROJECT_DIR)",
				);
				INFOPLIST_FILE = BanyanDemo/Info.plist;
				IPHONEOS_DEPLOYMENT_TARGET = 13.0;
				LD_RUNPATH_SEARCH_PATHS = (
					"$(inherited)",
					"@executable_path/Frameworks",
				);
				MARKETING_VERSION = 0.3.0;
				PRODUCT_BUNDLE_IDENTIFIER = com.getbanyan.banyanservicetest;
				PRODUCT_NAME = "$(TARGET_NAME)";
				PROVISIONING_PROFILE_SPECIFIER = "";
				SWIFT_VERSION = 5.0;
				TARGETED_DEVICE_FAMILY = "1,2";
			};
			name = Debug;
		};
		2BA002B225DBAF50000F4968 /* Release */ = {
			isa = XCBuildConfiguration;
			baseConfigurationReference = 954D3ED394D1C38CAD6F5F43 /* Pods-BanyanDemo.release.xcconfig */;
			buildSettings = {
				ASSETCATALOG_COMPILER_APPICON_NAME = AppIcon;
				ASSETCATALOG_COMPILER_GLOBAL_ACCENT_COLOR_NAME = AccentColor;
				CODE_SIGN_IDENTITY = "Apple Development";
				CODE_SIGN_STYLE = Automatic;
				CURRENT_PROJECT_VERSION = 6;
				DEVELOPMENT_TEAM = TK7283VKC2;
				ENABLE_BITCODE = NO;
				FRAMEWORK_SEARCH_PATHS = (
					"$(inherited)",
					"$(PROJECT_DIR)",
				);
				INFOPLIST_FILE = BanyanDemo/Info.plist;
				IPHONEOS_DEPLOYMENT_TARGET = 13.0;
				LD_RUNPATH_SEARCH_PATHS = (
					"$(inherited)",
					"@executable_path/Frameworks",
				);
				MARKETING_VERSION = 0.3.0;
				PRODUCT_BUNDLE_IDENTIFIER = com.getbanyan.banyanservicetest;
				PRODUCT_NAME = "$(TARGET_NAME)";
				PROVISIONING_PROFILE_SPECIFIER = "";
				SWIFT_VERSION = 5.0;
				TARGETED_DEVICE_FAMILY = "1,2";
			};
			name = Release;
		};
/* End XCBuildConfiguration section */

/* Begin XCConfigurationList section */
		2BA0029725DBAF44000F4968 /* Build configuration list for PBXProject "BanyanDemo" */ = {
			isa = XCConfigurationList;
			buildConfigurations = (
				2BA002AE25DBAF50000F4968 /* Debug */,
				2BA002AF25DBAF50000F4968 /* Release */,
			);
			defaultConfigurationIsVisible = 0;
			defaultConfigurationName = Release;
		};
		2BA002B025DBAF50000F4968 /* Build configuration list for PBXNativeTarget "BanyanDemo" */ = {
			isa = XCConfigurationList;
			buildConfigurations = (
				2BA002B125DBAF50000F4968 /* Debug */,
				2BA002B225DBAF50000F4968 /* Release */,
			);
			defaultConfigurationIsVisible = 0;
			defaultConfigurationName = Release;
		};
/* End XCConfigurationList section */
	};
	rootObject = 2BA0029425DBAF44000F4968 /* Project object */;
}
